{
  "scaffold": {
    "": [
      "config",
      "docs",
      "imports",
      "exports",
      "scripts",
      "secrets",
      "queries",
      "about_this_workspace.md"
    ],
    "exports": [
      "aggregate"
    ],
    "config": [
      "default-workspace.toml",
      "logging.json"
    ],
    "secrets": [
      "secrets-example.yaml"
    ],
    "queries": [
      "default-queries.toml"
    ]
  },
  "generated_by": "george.bennett",
  "generated_at": "2025-07-21T00:05:36.622463+00:00"
}