{
  "scaffold": {
    "": [
      "config",
      "data",
      "imports",
      "exports",
      "scripts",
      "secrets",
      "queries"
    ],
    "exports": [
      "aggregate"
    ],
    "config": [
      "default-workspace.toml",
      "logging.json"
    ],
    "secrets": [
      "secrets.yaml",
      "secrets-example.yaml"
    ],
    "queries": [
      "default-queries.toml"
    ]
  },
  "generated_by": "george.bennett",
  "generated_at": "2025-07-11T05:19:27.989038+00:00"
}